{
    "version": 3,
    "terraform_version": "0.9.4",
    "serial": 4,
    "lineage": "21ca8c55-5863-410d-ad12-ac9cf7c615ba",
    "modules": [
        {
            "path": [
                "root"
            ],
            "outputs": {},
            "resources": {
                "aws_eip.base1": {
                    "type": "aws_eip",
                    "depends_on": [
                        "aws_instance.base1"
                    ],
                    "primary": {
                        "id": "eipalloc-8e8cc3b4",
                        "attributes": {
                            "association_id": "eipassoc-4115b27c",
                            "domain": "vpc",
                            "id": "eipalloc-8e8cc3b4",
                            "instance": "i-06be233f84f37f1e7",
                            "network_interface": "eni-c0ab5dce",
                            "private_ip": "172.31.43.74",
                            "public_ip": "52.214.63.35",
                            "vpc": "true"
                        },
                        "meta": {},
                        "tainted": false
                    },
                    "deposed": [],
                    "provider": ""
                },
                "aws_instance.base1": {
                    "type": "aws_instance",
                    "depends_on": [],
                    "primary": {
                        "id": "i-06be233f84f37f1e7",
                        "attributes": {
                            "ami": "ami-2d809e4b",
                            "associate_public_ip_address": "true",
                            "availability_zone": "eu-west-1c",
                            "disable_api_termination": "false",
                            "ebs_block_device.#": "0",
                            "ebs_optimized": "false",
                            "ephemeral_block_device.#": "0",
                            "iam_instance_profile": "",
                            "id": "i-06be233f84f37f1e7",
                            "instance_state": "running",
                            "instance_type": "t2.micro",
                            "ipv6_address_count": "0",
                            "ipv6_addresses.#": "0",
                            "key_name": "",
                            "monitoring": "false",
                            "network_interface.#": "0",
                            "network_interface_id": "eni-c0ab5dce",
                            "primary_network_interface_id": "eni-c0ab5dce",
                            "private_dns": "ip-172-31-43-74.eu-west-1.compute.internal",
                            "private_ip": "172.31.43.74",
                            "public_dns": "ec2-52-214-33-11.eu-west-1.compute.amazonaws.com",
                            "public_ip": "52.214.33.11",
                            "root_block_device.#": "1",
                            "root_block_device.0.delete_on_termination": "true",
                            "root_block_device.0.iops": "100",
                            "root_block_device.0.volume_size": "30",
                            "root_block_device.0.volume_type": "gp2",
                            "security_groups.#": "0",
                            "source_dest_check": "true",
                            "subnet_id": "subnet-5c977d07",
                            "tags.%": "0",
                            "tenancy": "default",
                            "volume_tags.%": "0",
                            "vpc_security_group_ids.#": "1",
                            "vpc_security_group_ids.1660708813": "sg-816fbdf9"
                        },
                        "meta": {
                            "schema_version": "1"
                        },
                        "tainted": false
                    },
                    "deposed": [],
                    "provider": ""
                }
            },
            "depends_on": []
        }
    ]
}
